// !$*UTF8*$!
{
	archiveVersion = 1;
	classes = {
	};
	objectVersion = 77;
	objects = {

/* Begin PBXContainerItemProxy section */
		7BFF70EB2D915FCF00CCB993 /* PBXContainerItemProxy */ = {
			isa = PBXContainerItemProxy;
			containerPortal = 7BFF70D12D915FCE00CCB993 /* Project object */;
			proxyType = 1;
			remoteGlobalIDString = 7BFF70D82D915FCE00CCB993;
			remoteInfo = "Moco Menubar App";
		};
		7BFF70F52D915FCF00CCB993 /* PBXContainerItemProxy */ = {
			isa = PBXContainerItemProxy;
			containerPortal = 7BFF70D12D915FCE00CCB993 /* Project object */;
			proxyType = 1;
			remoteGlobalIDString = 7BFF70D82D915FCE00CCB993;
			remoteInfo = "Moco Menubar App";
		};
/* End PBXContainerItemProxy section */

/* Begin PBXFileReference section */
		7BFF70D92D915FCE00CCB993 /* Moco Menubar App.app */ = {isa = PBXFileReference; explicitFileType = wrapper.application; includeInIndex = 0; path = "Moco Menubar App.app"; sourceTree = BUILT_PRODUCTS_DIR; };
		7BFF70EA2D915FCF00CCB993 /* Moco Menubar AppTests.xctest */ = {isa = PBXFileReference; explicitFileType = wrapper.cfbundle; includeInIndex = 0; path = "Moco Menubar AppTests.xctest"; sourceTree = BUILT_PRODUCTS_DIR; };
		7BFF70F42D915FCF00CCB993 /* Moco Menubar AppUITests.xctest */ = {isa = PBXFileReference; explicitFileType = wrapper.cfbundle; includeInIndex = 0; path = "Moco Menubar AppUITests.xctest"; sourceTree = BUILT_PRODUCTS_DIR; };
/* End PBXFileReference section */

/* Begin PBXFileSystemSynchronizedRootGroup section */
		7BFF70DB2D915FCE00CCB993 /* Moco Menubar App */ = {
			isa = PBXFileSystemSynchronizedRootGroup;
			path = "Moco Menubar App";
			sourceTree = "<group>";
		};
		7BFF70ED2D915FCF00CCB993 /* Moco Menubar AppTests */ = {
			isa = PBXFileSystemSynchronizedRootGroup;
			path = "Moco Menubar AppTests";
			sourceTree = "<group>";
		};
		7BFF70F72D915FCF00CCB993 /* Moco Menubar AppUITests */ = {
			isa = PBXFileSystemSynchronizedRootGroup;
			path = "Moco Menubar AppUITests";
			sourceTree = "<group>";
		};
/* End PBXFileSystemSynchronizedRootGroup section */

/* Begin PBXFrameworksBuildPhase section */
		7BFF70D62D915FCE00CCB993 /* Frameworks */ = {
			isa = PBXFrameworksBuildPhase;
			buildActionMask = 2147483647;
			files = (
			);
			runOnlyForDeploymentPostprocessing = 0;
		};
		7BFF70E72D915FCF00CCB993 /* Frameworks */ = {
			isa = PBXFrameworksBuildPhase;
			buildActionMask = 2147483647;
			files = (
			);
			runOnlyForDeploymentPostprocessing = 0;
		};
		7BFF70F12D915FCF00CCB993 /* Frameworks */ = {
			isa = PBXFrameworksBuildPhase;
			buildActionMask = 2147483647;
			files = (
			);
			runOnlyForDeploymentPostprocessing = 0;
		};
/* End PBXFrameworksBuildPhase section */

/* Begin PBXGroup section */
		7BFF70D02D915FCE00CCB993 = {
			isa = PBXGroup;
			children = (
				7BFF70DB2D915FCE00CCB993 /* Moco Menubar App */,
				7BFF70ED2D915FCF00CCB993 /* Moco Menubar AppTests */,
				7BFF70F72D915FCF00CCB993 /* Moco Menubar AppUITests */,
				7BFF70DA2D915FCE00CCB993 /* Products */,
			);
			sourceTree = "<group>";
		};
		7BFF70DA2D915FCE00CCB993 /* Products */ = {
			isa = PBXGroup;
			children = (
				7BFF70D92D915FCE00CCB993 /* Moco Menubar App.app */,
				7BFF70EA2D915FCF00CCB993 /* Moco Menubar AppTests.xctest */,
				7BFF70F42D915FCF00CCB993 /* Moco Menubar AppUITests.xctest */,
			);
			name = Products;
			sourceTree = "<group>";
		};
/* End PBXGroup section */

/* Begin PBXNativeTarget section */
		7BFF70D82D915FCE00CCB993 /* Moco Menubar App */ = {
			isa = PBXNativeTarget;
			buildConfigurationList = 7BFF70FE2D915FCF00CCB993 /* Build configuration list for PBXNativeTarget "Moco Menubar App" */;
			buildPhases = (
				7BFF70D52D915FCE00CCB993 /* Sources */,
				7BFF70D62D915FCE00CCB993 /* Frameworks */,
				7BFF70D72D915FCE00CCB993 /* Resources */,
			);
			buildRules = (
			);
			dependencies = (
			);
			fileSystemSynchronizedGroups = (
				7BFF70DB2D915FCE00CCB993 /* Moco Menubar App */,
			);
			name = "Moco Menubar App";
			packageProductDependencies = (
			);
			productName = "Moco Menubar App";
			productReference = 7BFF70D92D915FCE00CCB993 /* Moco Menubar App.app */;
			productType = "com.apple.product-type.application";
		};
		7BFF70E92D915FCF00CCB993 /* Moco Menubar AppTests */ = {
			isa = PBXNativeTarget;
			buildConfigurationList = 7BFF71012D915FCF00CCB993 /* Build configuration list for PBXNativeTarget "Moco Menubar AppTests" */;
			buildPhases = (
				7BFF70E62D915FCF00CCB993 /* Sources */,
				7BFF70E72D915FCF00CCB993 /* Frameworks */,
				7BFF70E82D915FCF00CCB993 /* Resources */,
			);
			buildRules = (
			);
			dependencies = (
				7BFF70EC2D915FCF00CCB993 /* PBXTargetDependency */,
			);
			fileSystemSynchronizedGroups = (
				7BFF70ED2D915FCF00CCB993 /* Moco Menubar AppTests */,
			);
			name = "Moco Menubar AppTests";
			packageProductDependencies = (
			);
			productName = "Moco Menubar AppTests";
			productReference = 7BFF70EA2D915FCF00CCB993 /* Moco Menubar AppTests.xctest */;
			productType = "com.apple.product-type.bundle.unit-test";
		};
		7BFF70F32D915FCF00CCB993 /* Moco Menubar AppUITests */ = {
			isa = PBXNativeTarget;
			buildConfigurationList = 7BFF71042D915FCF00CCB993 /* Build configuration list for PBXNativeTarget "Moco Menubar AppUITests" */;
			buildPhases = (
				7BFF70F02D915FCF00CCB993 /* Sources */,
				7BFF70F12D915FCF00CCB993 /* Frameworks */,
				7BFF70F22D915FCF00CCB993 /* Resources */,
			);
			buildRules = (
			);
			dependencies = (
				7BFF70F62D915FCF00CCB993 /* PBXTargetDependency */,
			);
			fileSystemSynchronizedGroups = (
				7BFF70F72D915FCF00CCB993 /* Moco Menubar AppUITests */,
			);
			name = "Moco Menubar AppUITests";
			packageProductDependencies = (
			);
			productName = "Moco Menubar AppUITests";
			productReference = 7BFF70F42D915FCF00CCB993 /* Moco Menubar AppUITests.xctest */;
			productType = "com.apple.product-type.bundle.ui-testing";
		};
/* End PBXNativeTarget section */

/* Begin PBXProject section */
		7BFF70D12D915FCE00CCB993 /* Project object */ = {
			isa = PBXProject;
			attributes = {
				BuildIndependentTargetsInParallel = 1;
				LastSwiftUpdateCheck = 1620;
				LastUpgradeCheck = 1620;
				TargetAttributes = {
					7BFF70D82D915FCE00CCB993 = {
						CreatedOnToolsVersion = 16.2;
					};
					7BFF70E92D915FCF00CCB993 = {
						CreatedOnToolsVersion = 16.2;
						TestTargetID = 7BFF70D82D915FCE00CCB993;
					};
					7BFF70F32D915FCF00CCB993 = {
						CreatedOnToolsVersion = 16.2;
						TestTargetID = 7BFF70D82D915FCE00CCB993;
					};
				};
			};
			buildConfigurationList = 7BFF70D42D915FCE00CCB993 /* Build configuration list for PBXProject "Moco Menubar App" */;
			developmentRegion = en;
			hasScannedForEncodings = 0;
			knownRegions = (
				en,
				Base,
			);
			mainGroup = 7BFF70D02D915FCE00CCB993;
			minimizedProjectReferenceProxies = 1;
			preferredProjectObjectVersion = 77;
			productRefGroup = 7BFF70DA2D915FCE00CCB993 /* Products */;
			projectDirPath = "";
			projectRoot = "";
			targets = (
				7BFF70D82D915FCE00CCB993 /* Moco Menubar App */,
				7BFF70E92D915FCF00CCB993 /* Moco Menubar AppTests */,
				7BFF70F32D915FCF00CCB993 /* Moco Menubar AppUITests */,
			);
		};
/* End PBXProject section */

/* Begin PBXResourcesBuildPhase section */
		7BFF70D72D915FCE00CCB993 /* Resources */ = {
			isa = PBXResourcesBuildPhase;
			buildActionMask = 2147483647;
			files = (
			);
			runOnlyForDeploymentPostprocessing = 0;
		};
		7BFF70E82D915FCF00CCB993 /* Resources */ = {
			isa = PBXResourcesBuildPhase;
			buildActionMask = 2147483647;
			files = (
			);
			runOnlyForDeploymentPostprocessing = 0;
		};
		7BFF70F22D915FCF00CCB993 /* Resources */ = {
			isa = PBXResourcesBuildPhase;
			buildActionMask = 2147483647;
			files = (
			);
			runOnlyForDeploymentPostprocessing = 0;
		};
/* End PBXResourcesBuildPhase section */

/* Begin PBXSourcesBuildPhase section */
		7BFF70D52D915FCE00CCB993 /* Sources */ = {
			isa = PBXSourcesBuildPhase;
			buildActionMask = 2147483647;
			files = (
			);
			runOnlyForDeploymentPostprocessing = 0;
		};
		7BFF70E62D915FCF00CCB993 /* Sources */ = {
			isa = PBXSourcesBuildPhase;
			buildActionMask = 2147483647;
			files = (
			);
			runOnlyForDeploymentPostprocessing = 0;
		};
		7BFF70F02D915FCF00CCB993 /* Sources */ = {
			isa = PBXSourcesBuildPhase;
			buildActionMask = 2147483647;
			files = (
			);
			runOnlyForDeploymentPostprocessing = 0;
		};
/* End PBXSourcesBuildPhase section */

/* Begin PBXTargetDependency section */
		7BFF70EC2D915FCF00CCB993 /* PBXTargetDependency */ = {
			isa = PBXTargetDependency;
			target = 7BFF70D82D915FCE00CCB993 /* Moco Menubar App */;
			targetProxy = 7BFF70EB2D915FCF00CCB993 /* PBXContainerItemProxy */;
		};
		7BFF70F62D915FCF00CCB993 /* PBXTargetDependency */ = {
			isa = PBXTargetDependency;
			target = 7BFF70D82D915FCE00CCB993 /* Moco Menubar App */;
			targetProxy = 7BFF70F52D915FCF00CCB993 /* PBXContainerItemProxy */;
		};
/* End PBXTargetDependency section */

/* Begin XCBuildConfiguration section */
		7BFF70FC2D915FCF00CCB993 /* Debug */ = {
			isa = XCBuildConfiguration;
			buildSettings = {
				ALWAYS_SEARCH_USER_PATHS = NO;
				ASSETCATALOG_COMPILER_GENERATE_SWIFT_ASSET_SYMBOL_EXTENSIONS = YES;
				CLANG_ANALYZER_NONNULL = YES;
				CLANG_ANALYZER_NUMBER_OBJECT_CONVERSION = YES_AGGRESSIVE;
				CLANG_CXX_LANGUAGE_STANDARD = "gnu++20";
				CLANG_ENABLE_MODULES = YES;
				CLANG_ENABLE_OBJC_ARC = YES;
				CLANG_ENABLE_OBJC_WEAK = YES;
				CLANG_WARN_BLOCK_CAPTURE_AUTORELEASING = YES;
				CLANG_WARN_BOOL_CONVERSION = YES;
				CLANG_WARN_COMMA = YES;
				CLANG_WARN_CONSTANT_CONVERSION = YES;
				CLANG_WARN_DEPRECATED_OBJC_IMPLEMENTATIONS = YES;
				CLANG_WARN_DIRECT_OBJC_ISA_USAGE = YES_ERROR;
				CLANG_WARN_DOCUMENTATION_COMMENTS = YES;
				CLANG_WARN_EMPTY_BODY = YES;
				CLANG_WARN_ENUM_CONVERSION = YES;
				CLANG_WARN_INFINITE_RECURSION = YES;
				CLANG_WARN_INT_CONVERSION = YES;
				CLANG_WARN_NON_LITERAL_NULL_CONVERSION = YES;
				CLANG_WARN_OBJC_IMPLICIT_RETAIN_SELF = YES;
				CLANG_WARN_OBJC_LITERAL_CONVERSION = YES;
				CLANG_WARN_OBJC_ROOT_CLASS = YES_ERROR;
				CLANG_WARN_QUOTED_INCLUDE_IN_FRAMEWORK_HEADER = YES;
				CLANG_WARN_RANGE_LOOP_ANALYSIS = YES;
				CLANG_WARN_STRICT_PROTOTYPES = YES;
				CLANG_WARN_SUSPICIOUS_MOVE = YES;
				CLANG_WARN_UNGUARDED_AVAILABILITY = YES_AGGRESSIVE;
				CLANG_WARN_UNREACHABLE_CODE = YES;
				CLANG_WARN__DUPLICATE_METHOD_MATCH = YES;
				COPY_PHASE_STRIP = NO;
				DEBUG_INFORMATION_FORMAT = dwarf;
				ENABLE_STRICT_OBJC_MSGSEND = YES;
				ENABLE_TESTABILITY = YES;
				ENABLE_USER_SCRIPT_SANDBOXING = YES;
				GCC_C_LANGUAGE_STANDARD = gnu17;
				GCC_DYNAMIC_NO_PIC = NO;
				GCC_NO_COMMON_BLOCKS = YES;
				GCC_OPTIMIZATION_LEVEL = 0;
				GCC_PREPROCESSOR_DEFINITIONS = (
					"DEBUG=1",
					"$(inherited)",
				);
				GCC_WARN_64_TO_32_BIT_CONVERSION = YES;
				GCC_WARN_ABOUT_RETURN_TYPE = YES_ERROR;
				GCC_WARN_UNDECLARED_SELECTOR = YES;
				GCC_WARN_UNINITIALIZED_AUTOS = YES_AGGRESSIVE;
				GCC_WARN_UNUSED_FUNCTION = YES;
				GCC_WARN_UNUSED_VARIABLE = YES;
				LOCALIZATION_PREFERS_STRING_CATALOGS = YES;
				MACOSX_DEPLOYMENT_TARGET = 15.2;
				MTL_ENABLE_DEBUG_INFO = INCLUDE_SOURCE;
				MTL_FAST_MATH = YES;
				ONLY_ACTIVE_ARCH = YES;
				SDKROOT = macosx;
				SWIFT_ACTIVE_COMPILATION_CONDITIONS = "DEBUG $(inherited)";
				SWIFT_OPTIMIZATION_LEVEL = "-Onone";
			};
			name = Debug;
		};
		7BFF70FD2D915FCF00CCB993 /* Release */ = {
			isa = XCBuildConfiguration;
			buildSettings = {
				ALWAYS_SEARCH_USER_PATHS = NO;
				ASSETCATALOG_COMPILER_GENERATE_SWIFT_ASSET_SYMBOL_EXTENSIONS = YES;
				CLANG_ANALYZER_NONNULL = YES;
				CLANG_ANALYZER_NUMBER_OBJECT_CONVERSION = YES_AGGRESSIVE;
				CLANG_CXX_LANGUAGE_STANDARD = "gnu++20";
				CLANG_ENABLE_MODULES = YES;
				CLANG_ENABLE_OBJC_ARC = YES;
				CLANG_ENABLE_OBJC_WEAK = YES;
				CLANG_WARN_BLOCK_CAPTURE_AUTORELEASING = YES;
				CLANG_WARN_BOOL_CONVERSION = YES;
				CLANG_WARN_COMMA = YES;
				CLANG_WARN_CONSTANT_CONVERSION = YES;
				CLANG_WARN_DEPRECATED_OBJC_IMPLEMENTATIONS = YES;
				CLANG_WARN_DIRECT_OBJC_ISA_USAGE = YES_ERROR;
				CLANG_WARN_DOCUMENTATION_COMMENTS = YES;
				CLANG_WARN_EMPTY_BODY = YES;
				CLANG_WARN_ENUM_CONVERSION = YES;
				CLANG_WARN_INFINITE_RECURSION = YES;
				CLANG_WARN_INT_CONVERSION = YES;
				CLANG_WARN_NON_LITERAL_NULL_CONVERSION = YES;
				CLANG_WARN_OBJC_IMPLICIT_RETAIN_SELF = YES;
				CLANG_WARN_OBJC_LITERAL_CONVERSION = YES;
				CLANG_WARN_OBJC_ROOT_CLASS = YES_ERROR;
				CLANG_WARN_QUOTED_INCLUDE_IN_FRAMEWORK_HEADER = YES;
				CLANG_WARN_RANGE_LOOP_ANALYSIS = YES;
				CLANG_WARN_STRICT_PROTOTYPES = YES;
				CLANG_WARN_SUSPICIOUS_MOVE = YES;
				CLANG_WARN_UNGUARDED_AVAILABILITY = YES_AGGRESSIVE;
				CLANG_WARN_UNREACHABLE_CODE = YES;
				CLANG_WARN__DUPLICATE_METHOD_MATCH = YES;
				COPY_PHASE_STRIP = NO;
				DEBUG_INFORMATION_FORMAT = "dwarf-with-dsym";
				ENABLE_NS_ASSERTIONS = NO;
				ENABLE_STRICT_OBJC_MSGSEND = YES;
				ENABLE_USER_SCRIPT_SANDBOXING = YES;
				GCC_C_LANGUAGE_STANDARD = gnu17;
				GCC_NO_COMMON_BLOCKS = YES;
				GCC_WARN_64_TO_32_BIT_CONVERSION = YES;
				GCC_WARN_ABOUT_RETURN_TYPE = YES_ERROR;
				GCC_WARN_UNDECLARED_SELECTOR = YES;
				GCC_WARN_UNINITIALIZED_AUTOS = YES_AGGRESSIVE;
				GCC_WARN_UNUSED_FUNCTION = YES;
				GCC_WARN_UNUSED_VARIABLE = YES;
				LOCALIZATION_PREFERS_STRING_CATALOGS = YES;
				MACOSX_DEPLOYMENT_TARGET = 15.2;
				MTL_ENABLE_DEBUG_INFO = NO;
				MTL_FAST_MATH = YES;
				SDKROOT = macosx;
				SWIFT_COMPILATION_MODE = wholemodule;
			};
			name = Release;
		};
		7BFF70FF2D915FCF00CCB993 /* Debug */ = {
			isa = XCBuildConfiguration;
			buildSettings = {
				ASSETCATALOG_COMPILER_APPICON_NAME = AppIcon;
				ASSETCATALOG_COMPILER_GLOBAL_ACCENT_COLOR_NAME = AccentColor;
				CODE_SIGN_ENTITLEMENTS = "Moco Menubar App/Moco_Menubar_App.entitlements";
				CODE_SIGN_STYLE = Automatic;
				COMBINE_HIDPI_IMAGES = YES;
				CURRENT_PROJECT_VERSION = 1;
				DEVELOPMENT_ASSET_PATHS = "\"Moco Menubar App/Preview Content\"";
				ENABLE_PREVIEWS = YES;
				GENERATE_INFOPLIST_FILE = YES;
				INFOPLIST_KEY_NSHumanReadableCopyright = "";
				LD_RUNPATH_SEARCH_PATHS = (
					"$(inherited)",
					"@executable_path/../Frameworks",
				);
				MARKETING_VERSION = 1.0;
				PRODUCT_BUNDLE_IDENTIFIER = "com.whitepoint.mocoMenubarApp.Moco-Menubar-App";
				PRODUCT_NAME = "$(TARGET_NAME)";
				SWIFT_EMIT_LOC_STRINGS = YES;
				SWIFT_VERSION = 5.0;
			};
			name = Debug;
		};
		7BFF71002D915FCF00CCB993 /* Release */ = {
			isa = XCBuildConfiguration;
			buildSettings = {
				ASSETCATALOG_COMPILER_APPICON_NAME = AppIcon;
				ASSETCATALOG_COMPILER_GLOBAL_ACCENT_COLOR_NAME = AccentColor;
				CODE_SIGN_ENTITLEMENTS = "Moco Menubar App/Moco_Menubar_App.entitlements";
				CODE_SIGN_STYLE = Automatic;
				COMBINE_HIDPI_IMAGES = YES;
				CURRENT_PROJECT_VERSION = 1;
				DEVELOPMENT_ASSET_PATHS = "\"Moco Menubar App/Preview Content\"";
				ENABLE_PREVIEWS = YES;
				GENERATE_INFOPLIST_FILE = YES;
				INFOPLIST_KEY_NSHumanReadableCopyright = "";
				LD_RUNPATH_SEARCH_PATHS = (
					"$(inherited)",
					"@executable_path/../Frameworks",
				);
				MARKETING_VERSION = 1.0;
				PRODUCT_BUNDLE_IDENTIFIER = "com.whitepoint.mocoMenubarApp.Moco-Menubar-App";
				PRODUCT_NAME = "$(TARGET_NAME)";
				SWIFT_EMIT_LOC_STRINGS = YES;
				SWIFT_VERSION = 5.0;
			};
			name = Release;
		};
		7BFF71022D915FCF00CCB993 /* Debug */ = {
			isa = XCBuildConfiguration;
			buildSettings = {
				BUNDLE_LOADER = "$(TEST_HOST)";
				CODE_SIGN_STYLE = Automatic;
				CURRENT_PROJECT_VERSION = 1;
				GENERATE_INFOPLIST_FILE = YES;
				MACOSX_DEPLOYMENT_TARGET = 15.2;
				MARKETING_VERSION = 1.0;
				PRODUCT_BUNDLE_IDENTIFIER = "com.whitepoint.mocoMenubarApp.Moco-Menubar-AppTests";
				PRODUCT_NAME = "$(TARGET_NAME)";
				SWIFT_EMIT_LOC_STRINGS = NO;
				SWIFT_VERSION = 5.0;
				TEST_HOST = "$(BUILT_PRODUCTS_DIR)/Moco Menubar App.app/$(BUNDLE_EXECUTABLE_FOLDER_PATH)/Moco Menubar App";
			};
			name = Debug;
		};
		7BFF71032D915FCF00CCB993 /* Release */ = {
			isa = XCBuildConfiguration;
			buildSettings = {
				BUNDLE_LOADER = "$(TEST_HOST)";
				CODE_SIGN_STYLE = Automatic;
				CURRENT_PROJECT_VERSION = 1;
				GENERATE_INFOPLIST_FILE = YES;
				MACOSX_DEPLOYMENT_TARGET = 15.2;
				MARKETING_VERSION = 1.0;
				PRODUCT_BUNDLE_IDENTIFIER = "com.whitepoint.mocoMenubarApp.Moco-Menubar-AppTests";
				PRODUCT_NAME = "$(TARGET_NAME)";
				SWIFT_EMIT_LOC_STRINGS = NO;
				SWIFT_VERSION = 5.0;
				TEST_HOST = "$(BUILT_PRODUCTS_DIR)/Moco Menubar App.app/$(BUNDLE_EXECUTABLE_FOLDER_PATH)/Moco Menubar App";
			};
			name = Release;
		};
		7BFF71052D915FCF00CCB993 /* Debug */ = {
			isa = XCBuildConfiguration;
			buildSettings = {
				CODE_SIGN_STYLE = Automatic;
				CURRENT_PROJECT_VERSION = 1;
				GENERATE_INFOPLIST_FILE = YES;
				MARKETING_VERSION = 1.0;
				PRODUCT_BUNDLE_IDENTIFIER = "com.whitepoint.mocoMenubarApp.Moco-Menubar-AppUITests";
				PRODUCT_NAME = "$(TARGET_NAME)";
				SWIFT_EMIT_LOC_STRINGS = NO;
				SWIFT_VERSION = 5.0;
				TEST_TARGET_NAME = "Moco Menubar App";
			};
			name = Debug;
		};
		7BFF71062D915FCF00CCB993 /* Release */ = {
			isa = XCBuildConfiguration;
			buildSettings = {
				CODE_SIGN_STYLE = Automatic;
				CURRENT_PROJECT_VERSION = 1;
				GENERATE_INFOPLIST_FILE = YES;
				MARKETING_VERSION = 1.0;
				PRODUCT_BUNDLE_IDENTIFIER = "com.whitepoint.mocoMenubarApp.Moco-Menubar-AppUITests";
				PRODUCT_NAME = "$(TARGET_NAME)";
				SWIFT_EMIT_LOC_STRINGS = NO;
				SWIFT_VERSION = 5.0;
				TEST_TARGET_NAME = "Moco Menubar App";
			};
			name = Release;
		};
/* End XCBuildConfiguration section */

/* Begin XCConfigurationList section */
		7BFF70D42D915FCE00CCB993 /* Build configuration list for PBXProject "Moco Menubar App" */ = {
			isa = XCConfigurationList;
			buildConfigurations = (
				7BFF70FC2D915FCF00CCB993 /* Debug */,
				7BFF70FD2D915FCF00CCB993 /* Release */,
			);
			defaultConfigurationIsVisible = 0;
			defaultConfigurationName = Release;
		};
		7BFF70FE2D915FCF00CCB993 /* Build configuration list for PBXNativeTarget "Moco Menubar App" */ = {
			isa = XCConfigurationList;
			buildConfigurations = (
				7BFF70FF2D915FCF00CCB993 /* Debug */,
				7BFF71002D915FCF00CCB993 /* Release */,
			);
			defaultConfigurationIsVisible = 0;
			defaultConfigurationName = Release;
		};
		7BFF71012D915FCF00CCB993 /* Build configuration list for PBXNativeTarget "Moco Menubar AppTests" */ = {
			isa = XCConfigurationList;
			buildConfigurations = (
				7BFF71022D915FCF00CCB993 /* Debug */,
				7BFF71032D915FCF00CCB993 /* Release */,
			);
			defaultConfigurationIsVisible = 0;
			defaultConfigurationName = Release;
		};
		7BFF71042D915FCF00CCB993 /* Build configuration list for PBXNativeTarget "Moco Menubar AppUITests" */ = {
			isa = XCConfigurationList;
			buildConfigurations = (
				7BFF71052D915FCF00CCB993 /* Debug */,
				7BFF71062D915FCF00CCB993 /* Release */,
			);
			defaultConfigurationIsVisible = 0;
			defaultConfigurationName = Release;
		};
/* End XCConfigurationList section */
	};
	rootObject = 7BFF70D12D915FCE00CCB993 /* Project object */;
}
